github.com/openwall/yescrypt-go v1.0.0 h1:jsGk48zkFvtUjGVOhYPGh+CS595JmTRcKnpggK2AON4=
github.com/openwall/yescrypt-go v1.0.0/go.mod h1:e6CWtFizUEOUttaOjeVMiv1lJaJie3mfOtLJ9CCD6sA=
github.com/pedroalbanese/gogost v0.0.0-20240430171730-f95129c7a5af h1:8jbTN9e84FOzAJtCPdy/NEz8983YdD7nqTBMQlTRP4w=
github.com/pedroalbanese/gogost v0.0.0-20240430171730-f95129c7a5af/go.mod h1:A4x4C7B6z2POO1x5CZzKXZVCOFPfjzxxVUbWl2Thhp0=
golang.org/x/crypto v0.25.0 h1:ypSNr+bnYL2YhwoMt2zPxHFmbAN1KZs/njMG3hxUp30=
golang.org/x/crypto v0.25.0/go.mod h1:T+wALwcMOSE0kXgUAnPAHqTLW+XHgcELELW8VaDgm/M=
